// !$*UTF8*$!
{
	archiveVersion = 1;
	classes = {
	};
	objectVersion = 51;
	objects = {

/* Begin PBXBuildFile section */
		0340E263261B334D00C02A3B /* HomeVC.swift in Sources */ = {isa = PBXBuildFile; fileRef = 0340E262261B334D00C02A3B /* HomeVC.swift */; };
		03456697261B4E12001490C4 /* WaterfallVC.swift in Sources */ = {isa = PBXBuildFile; fileRef = 03456696261B4E12001490C4 /* WaterfallVC.swift */; };
		0345669A261B50A6001490C4 /* WaterfallCell.swift in Sources */ = {isa = PBXBuildFile; fileRef = 03456699261B50A6001490C4 /* WaterfallCell.swift */; };
		034566A1261B59F2001490C4 /* README.md in Resources */ = {isa = PBXBuildFile; fileRef = 034566A0261B59F2001490C4 /* README.md */; };
		034EEF3E261C9D100056B61E /* InfoPlist.strings in Resources */ = {isa = PBXBuildFile; fileRef = 034EEF40261C9D100056B61E /* InfoPlist.strings */; };
		034EEF47261C9EEB0056B61E /* Localizable.strings in Resources */ = {isa = PBXBuildFile; fileRef = 034EEF49261C9EEB0056B61E /* Localizable.strings */; };
		03A66653261B374D002ACDE5 /* FollowVC.swift in Sources */ = {isa = PBXBuildFile; fileRef = 03A66652261B374D002ACDE5 /* FollowVC.swift */; };
		03A66656261B3760002ACDE5 /* DiscoveryVC.swift in Sources */ = {isa = PBXBuildFile; fileRef = 03A66655261B3760002ACDE5 /* DiscoveryVC.swift */; };
		03A66659261B3774002ACDE5 /* NearByVC.swift in Sources */ = {isa = PBXBuildFile; fileRef = 03A66658261B3774002ACDE5 /* NearByVC.swift */; };
		03A6665C261B3895002ACDE5 /* Constants.swift in Sources */ = {isa = PBXBuildFile; fileRef = 03A6665B261B3895002ACDE5 /* Constants.swift */; };
		03EDE3D02617715500B95BEA /* AppDelegate.swift in Sources */ = {isa = PBXBuildFile; fileRef = 03EDE3CF2617715500B95BEA /* AppDelegate.swift */; };
		03EDE3D22617715500B95BEA /* SceneDelegate.swift in Sources */ = {isa = PBXBuildFile; fileRef = 03EDE3D12617715500B95BEA /* SceneDelegate.swift */; };
		03EDE3D72617715500B95BEA /* Main.storyboard in Resources */ = {isa = PBXBuildFile; fileRef = 03EDE3D52617715500B95BEA /* Main.storyboard */; };
		03EDE3DA2617715500B95BEA /* Xiaohongshu.xcdatamodeld in Sources */ = {isa = PBXBuildFile; fileRef = 03EDE3D82617715500B95BEA /* Xiaohongshu.xcdatamodeld */; };
		03EDE3DC2617715800B95BEA /* Assets.xcassets in Resources */ = {isa = PBXBuildFile; fileRef = 03EDE3DB2617715800B95BEA /* Assets.xcassets */; };
		03EDE3DF2617715800B95BEA /* LaunchScreen.storyboard in Resources */ = {isa = PBXBuildFile; fileRef = 03EDE3DD2617715800B95BEA /* LaunchScreen.storyboard */; };
		03EDE3E82617719500B95BEA /* .gitignore in Resources */ = {isa = PBXBuildFile; fileRef = 03EDE3E72617719500B95BEA /* .gitignore */; };
		B31CF16A5B40A5212E01BFB6 /* Pods_Xiaohongshu.framework in Frameworks */ = {isa = PBXBuildFile; fileRef = 346E36ABBAB6316CC655D754 /* Pods_Xiaohongshu.framework */; };
/* End PBXBuildFile section */

/* Begin PBXFileReference section */
		0340E262261B334D00C02A3B /* HomeVC.swift */ = {isa = PBXFileReference; lastKnownFileType = sourcecode.swift; path = HomeVC.swift; sourceTree = "<group>"; };
		03456696261B4E12001490C4 /* WaterfallVC.swift */ = {isa = PBXFileReference; lastKnownFileType = sourcecode.swift; path = WaterfallVC.swift; sourceTree = "<group>"; };
		03456699261B50A6001490C4 /* WaterfallCell.swift */ = {isa = PBXFileReference; lastKnownFileType = sourcecode.swift; path = WaterfallCell.swift; sourceTree = "<group>"; };
		034566A0261B59F2001490C4 /* README.md */ = {isa = PBXFileReference; lastKnownFileType = net.daringfireball.markdown; path = README.md; sourceTree = "<group>"; };
		034EEF28261C8F920056B61E /* zh-Hans */ = {isa = PBXFileReference; lastKnownFileType = text.plist.strings; name = "zh-Hans"; path = "zh-Hans.lproj/LaunchScreen.strings"; sourceTree = "<group>"; };
		034EEF2F261C93080056B61E /* zh-Hans */ = {isa = PBXFileReference; lastKnownFileType = text.plist.strings; name = "zh-Hans"; path = "zh-Hans.lproj/Main.strings"; sourceTree = "<group>"; };
		034EEF3F261C9D100056B61E /* zh-Hans */ = {isa = PBXFileReference; lastKnownFileType = text.plist.strings; name = "zh-Hans"; path = "zh-Hans.lproj/InfoPlist.strings"; sourceTree = "<group>"; };
		034EEF48261C9EEB0056B61E /* zh-Hans */ = {isa = PBXFileReference; lastKnownFileType = text.plist.strings; name = "zh-Hans"; path = "zh-Hans.lproj/Localizable.strings"; sourceTree = "<group>"; };
		03A66652261B374D002ACDE5 /* FollowVC.swift */ = {isa = PBXFileReference; lastKnownFileType = sourcecode.swift; path = FollowVC.swift; sourceTree = "<group>"; };
		03A66655261B3760002ACDE5 /* DiscoveryVC.swift */ = {isa = PBXFileReference; lastKnownFileType = sourcecode.swift; path = DiscoveryVC.swift; sourceTree = "<group>"; };
		03A66658261B3774002ACDE5 /* NearByVC.swift */ = {isa = PBXFileReference; lastKnownFileType = sourcecode.swift; path = NearByVC.swift; sourceTree = "<group>"; };
		03A6665B261B3895002ACDE5 /* Constants.swift */ = {isa = PBXFileReference; lastKnownFileType = sourcecode.swift; path = Constants.swift; sourceTree = "<group>"; };
		03EDE3CC2617715500B95BEA /* Xiaohongshu.app */ = {isa = PBXFileReference; explicitFileType = wrapper.application; includeInIndex = 0; path = Xiaohongshu.app; sourceTree = BUILT_PRODUCTS_DIR; };
		03EDE3CF2617715500B95BEA /* AppDelegate.swift */ = {isa = PBXFileReference; lastKnownFileType = sourcecode.swift; path = AppDelegate.swift; sourceTree = "<group>"; };
		03EDE3D12617715500B95BEA /* SceneDelegate.swift */ = {isa = PBXFileReference; lastKnownFileType = sourcecode.swift; path = SceneDelegate.swift; sourceTree = "<group>"; };
		03EDE3D62617715500B95BEA /* Base */ = {isa = PBXFileReference; lastKnownFileType = file.storyboard; name = Base; path = Base.lproj/Main.storyboard; sourceTree = "<group>"; };
		03EDE3D92617715500B95BEA /* Xiaohongshu.xcdatamodel */ = {isa = PBXFileReference; lastKnownFileType = wrapper.xcdatamodel; path = Xiaohongshu.xcdatamodel; sourceTree = "<group>"; };
		03EDE3DB2617715800B95BEA /* Assets.xcassets */ = {isa = PBXFileReference; lastKnownFileType = folder.assetcatalog; path = Assets.xcassets; sourceTree = "<group>"; };
		03EDE3DE2617715800B95BEA /* Base */ = {isa = PBXFileReference; lastKnownFileType = file.storyboard; name = Base; path = Base.lproj/LaunchScreen.storyboard; sourceTree = "<group>"; };
		03EDE3E02617715800B95BEA /* Info.plist */ = {isa = PBXFileReference; lastKnownFileType = text.plist.xml; path = Info.plist; sourceTree = "<group>"; };
		03EDE3E72617719500B95BEA /* .gitignore */ = {isa = PBXFileReference; fileEncoding = 4; lastKnownFileType = text; path = .gitignore; sourceTree = "<group>"; };
		265DE57DC6B1D7A408866FB5 /* Pods-Xiaohongshu.release.xcconfig */ = {isa = PBXFileReference; includeInIndex = 1; lastKnownFileType = text.xcconfig; name = "Pods-Xiaohongshu.release.xcconfig"; path = "Target Support Files/Pods-Xiaohongshu/Pods-Xiaohongshu.release.xcconfig"; sourceTree = "<group>"; };
		346E36ABBAB6316CC655D754 /* Pods_Xiaohongshu.framework */ = {isa = PBXFileReference; explicitFileType = wrapper.framework; includeInIndex = 0; path = Pods_Xiaohongshu.framework; sourceTree = BUILT_PRODUCTS_DIR; };
		A85A6F6DB400A434AFCAA5DD /* Pods-Xiaohongshu.debug.xcconfig */ = {isa = PBXFileReference; includeInIndex = 1; lastKnownFileType = text.xcconfig; name = "Pods-Xiaohongshu.debug.xcconfig"; path = "Target Support Files/Pods-Xiaohongshu/Pods-Xiaohongshu.debug.xcconfig"; sourceTree = "<group>"; };
/* End PBXFileReference section */

/* Begin PBXFrameworksBuildPhase section */
		03EDE3C92617715500B95BEA /* Frameworks */ = {
			isa = PBXFrameworksBuildPhase;
			buildActionMask = 2147483647;
			files = (
				B31CF16A5B40A5212E01BFB6 /* Pods_Xiaohongshu.framework in Frameworks */,
			);
			runOnlyForDeploymentPostprocessing = 0;
		};
/* End PBXFrameworksBuildPhase section */

/* Begin PBXGroup section */
		0345669C261B595D001490C4 /* Waterfall */ = {
			isa = PBXGroup;
			children = (
				03456696261B4E12001490C4 /* WaterfallVC.swift */,
				03456699261B50A6001490C4 /* WaterfallCell.swift */,
			);
			path = Waterfall;
			sourceTree = "<group>";
		};
		0345669E261B5967001490C4 /* Common */ = {
			isa = PBXGroup;
			children = (
				0345669C261B595D001490C4 /* Waterfall */,
				03A6665B261B3895002ACDE5 /* Constants.swift */,
			);
			path = Common;
			sourceTree = "<group>";
		};
		034EEF46261C9E810056B61E /* Resources */ = {
			isa = PBXGroup;
			children = (
				034EEF40261C9D100056B61E /* InfoPlist.strings */,
				034EEF49261C9EEB0056B61E /* Localizable.strings */,
			);
			path = Resources;
			sourceTree = "<group>";
		};
		03A6665E261B39C2002ACDE5 /* Home */ = {
			isa = PBXGroup;
			children = (
				0340E262261B334D00C02A3B /* HomeVC.swift */,
				03A66655261B3760002ACDE5 /* DiscoveryVC.swift */,
				03A66652261B374D002ACDE5 /* FollowVC.swift */,
				03A66658261B3774002ACDE5 /* NearByVC.swift */,
			);
			path = Home;
			sourceTree = "<group>";
		};
		03EDE3C32617715500B95BEA = {
			isa = PBXGroup;
			children = (
				034566A0261B59F2001490C4 /* README.md */,
				03EDE3E72617719500B95BEA /* .gitignore */,
				03EDE3CE2617715500B95BEA /* Xiaohongshu */,
				03EDE3CD2617715500B95BEA /* Products */,
				2510CF9F414BE877671A93BA /* Pods */,
				109D45375E9722A33FDEB8EB /* Frameworks */,
			);
			sourceTree = "<group>";
		};
		03EDE3CD2617715500B95BEA /* Products */ = {
			isa = PBXGroup;
			children = (
				03EDE3CC2617715500B95BEA /* Xiaohongshu.app */,
			);
			name = Products;
			sourceTree = "<group>";
		};
		03EDE3CE2617715500B95BEA /* Xiaohongshu */ = {
			isa = PBXGroup;
			children = (
				03EDE3D52617715500B95BEA /* Main.storyboard */,
				03A6665E261B39C2002ACDE5 /* Home */,
				0345669E261B5967001490C4 /* Common */,
				03EDE3DB2617715800B95BEA /* Assets.xcassets */,
				03EDE3D12617715500B95BEA /* SceneDelegate.swift */,
				03EDE3CF2617715500B95BEA /* AppDelegate.swift */,
				03EDE3DD2617715800B95BEA /* LaunchScreen.storyboard */,
				03EDE3E02617715800B95BEA /* Info.plist */,
				03EDE3D82617715500B95BEA /* Xiaohongshu.xcdatamodeld */,
				034EEF46261C9E810056B61E /* Resources */,
			);
			path = Xiaohongshu;
			sourceTree = "<group>";
		};
		109D45375E9722A33FDEB8EB /* Frameworks */ = {
			isa = PBXGroup;
			children = (
				346E36ABBAB6316CC655D754 /* Pods_Xiaohongshu.framework */,
			);
			name = Frameworks;
			sourceTree = "<group>";
		};
		2510CF9F414BE877671A93BA /* Pods */ = {
			isa = PBXGroup;
			children = (
				A85A6F6DB400A434AFCAA5DD /* Pods-Xiaohongshu.debug.xcconfig */,
				265DE57DC6B1D7A408866FB5 /* Pods-Xiaohongshu.release.xcconfig */,
			);
			path = Pods;
			sourceTree = "<group>";
		};
/* End PBXGroup section */

/* Begin PBXNativeTarget section */
		03EDE3CB2617715500B95BEA /* Xiaohongshu */ = {
			isa = PBXNativeTarget;
			buildConfigurationList = 03EDE3E32617715800B95BEA /* Build configuration list for PBXNativeTarget "Xiaohongshu" */;
			buildPhases = (
				5845C3529607208461634517 /* [CP] Check Pods Manifest.lock */,
				03EDE3C82617715500B95BEA /* Sources */,
				03EDE3C92617715500B95BEA /* Frameworks */,
				03EDE3CA2617715500B95BEA /* Resources */,
				D2EE6CFE80170F58967E3199 /* [CP] Embed Pods Frameworks */,
			);
			buildRules = (
			);
			dependencies = (
			);
			name = Xiaohongshu;
			productName = Xiaohongshu;
			productReference = 03EDE3CC2617715500B95BEA /* Xiaohongshu.app */;
			productType = "com.apple.product-type.application";
		};
/* End PBXNativeTarget section */

/* Begin PBXProject section */
		03EDE3C42617715500B95BEA /* Project object */ = {
			isa = PBXProject;
			attributes = {
				LastSwiftUpdateCheck = 1240;
				LastUpgradeCheck = 1240;
				TargetAttributes = {
					03EDE3CB2617715500B95BEA = {
						CreatedOnToolsVersion = 12.4;
					};
				};
			};
			buildConfigurationList = 03EDE3C72617715500B95BEA /* Build configuration list for PBXProject "Xiaohongshu" */;
			compatibilityVersion = "Xcode 9.3";
			developmentRegion = en;
			hasScannedForEncodings = 0;
			knownRegions = (
				en,
				Base,
				"zh-Hans",
			);
			mainGroup = 03EDE3C32617715500B95BEA;
			productRefGroup = 03EDE3CD2617715500B95BEA /* Products */;
			projectDirPath = "";
			projectRoot = "";
			targets = (
				03EDE3CB2617715500B95BEA /* Xiaohongshu */,
			);
		};
/* End PBXProject section */

/* Begin PBXResourcesBuildPhase section */
		03EDE3CA2617715500B95BEA /* Resources */ = {
			isa = PBXResourcesBuildPhase;
			buildActionMask = 2147483647;
			files = (
				03EDE3E82617719500B95BEA /* .gitignore in Resources */,
				03EDE3DF2617715800B95BEA /* LaunchScreen.storyboard in Resources */,
				034566A1261B59F2001490C4 /* README.md in Resources */,
				034EEF47261C9EEB0056B61E /* Localizable.strings in Resources */,
				03EDE3DC2617715800B95BEA /* Assets.xcassets in Resources */,
				03EDE3D72617715500B95BEA /* Main.storyboard in Resources */,
				034EEF3E261C9D100056B61E /* InfoPlist.strings in Resources */,
			);
			runOnlyForDeploymentPostprocessing = 0;
		};
/* End PBXResourcesBuildPhase section */

/* Begin PBXShellScriptBuildPhase section */
		5845C3529607208461634517 /* [CP] Check Pods Manifest.lock */ = {
			isa = PBXShellScriptBuildPhase;
			buildActionMask = 2147483647;
			files = (
			);
			inputFileListPaths = (
			);
			inputPaths = (
				"${PODS_PODFILE_DIR_PATH}/Podfile.lock",
				"${PODS_ROOT}/Manifest.lock",
			);
			name = "[CP] Check Pods Manifest.lock";
			outputFileListPaths = (
			);
			outputPaths = (
				"$(DERIVED_FILE_DIR)/Pods-Xiaohongshu-checkManifestLockResult.txt",
			);
			runOnlyForDeploymentPostprocessing = 0;
			shellPath = /bin/sh;
			shellScript = "diff \"${PODS_PODFILE_DIR_PATH}/Podfile.lock\" \"${PODS_ROOT}/Manifest.lock\" > /dev/null\nif [ $? != 0 ] ; then\n    # print error to STDERR\n    echo \"error: The sandbox is not in sync with the Podfile.lock. Run 'pod install' or update your CocoaPods installation.\" >&2\n    exit 1\nfi\n# This output is used by Xcode 'outputs' to avoid re-running this script phase.\necho \"SUCCESS\" > \"${SCRIPT_OUTPUT_FILE_0}\"\n";
			showEnvVarsInLog = 0;
		};
		D2EE6CFE80170F58967E3199 /* [CP] Embed Pods Frameworks */ = {
			isa = PBXShellScriptBuildPhase;
			buildActionMask = 2147483647;
			files = (
			);
			inputFileListPaths = (
				"${PODS_ROOT}/Target Support Files/Pods-Xiaohongshu/Pods-Xiaohongshu-frameworks-${CONFIGURATION}-input-files.xcfilelist",
			);
			name = "[CP] Embed Pods Frameworks";
			outputFileListPaths = (
				"${PODS_ROOT}/Target Support Files/Pods-Xiaohongshu/Pods-Xiaohongshu-frameworks-${CONFIGURATION}-output-files.xcfilelist",
			);
			runOnlyForDeploymentPostprocessing = 0;
			shellPath = /bin/sh;
			shellScript = "\"${PODS_ROOT}/Target Support Files/Pods-Xiaohongshu/Pods-Xiaohongshu-frameworks.sh\"\n";
			showEnvVarsInLog = 0;
		};
/* End PBXShellScriptBuildPhase section */

/* Begin PBXSourcesBuildPhase section */
		03EDE3C82617715500B95BEA /* Sources */ = {
			isa = PBXSourcesBuildPhase;
			buildActionMask = 2147483647;
			files = (
				03A66659261B3774002ACDE5 /* NearByVC.swift in Sources */,
				03456697261B4E12001490C4 /* WaterfallVC.swift in Sources */,
				0345669A261B50A6001490C4 /* WaterfallCell.swift in Sources */,
				03EDE3DA2617715500B95BEA /* Xiaohongshu.xcdatamodeld in Sources */,
				0340E263261B334D00C02A3B /* HomeVC.swift in Sources */,
				03A66653261B374D002ACDE5 /* FollowVC.swift in Sources */,
				03EDE3D02617715500B95BEA /* AppDelegate.swift in Sources */,
				03EDE3D22617715500B95BEA /* SceneDelegate.swift in Sources */,
				03A66656261B3760002ACDE5 /* DiscoveryVC.swift in Sources */,
				03A6665C261B3895002ACDE5 /* Constants.swift in Sources */,
			);
			runOnlyForDeploymentPostprocessing = 0;
		};
/* End PBXSourcesBuildPhase section */

/* Begin PBXVariantGroup section */
		034EEF40261C9D100056B61E /* InfoPlist.strings */ = {
			isa = PBXVariantGroup;
			children = (
				034EEF3F261C9D100056B61E /* zh-Hans */,
			);
			name = InfoPlist.strings;
			sourceTree = "<group>";
		};
		034EEF49261C9EEB0056B61E /* Localizable.strings */ = {
			isa = PBXVariantGroup;
			children = (
				034EEF48261C9EEB0056B61E /* zh-Hans */,
			);
			name = Localizable.strings;
			sourceTree = "<group>";
		};
		03EDE3D52617715500B95BEA /* Main.storyboard */ = {
			isa = PBXVariantGroup;
			children = (
				03EDE3D62617715500B95BEA /* Base */,
				034EEF2F261C93080056B61E /* zh-Hans */,
			);
			name = Main.storyboard;
			sourceTree = "<group>";
		};
		03EDE3DD2617715800B95BEA /* LaunchScreen.storyboard */ = {
			isa = PBXVariantGroup;
			children = (
				03EDE3DE2617715800B95BEA /* Base */,
				034EEF28261C8F920056B61E /* zh-Hans */,
			);
			name = LaunchScreen.storyboard;
			sourceTree = "<group>";
		};
/* End PBXVariantGroup section */

/* Begin XCBuildConfiguration section */
		03EDE3E12617715800B95BEA /* Debug */ = {
			isa = XCBuildConfiguration;
			buildSettings = {
				ALWAYS_SEARCH_USER_PATHS = NO;
				CLANG_ANALYZER_LOCALIZABILITY_NONLOCALIZED = YES;
				CLANG_ANALYZER_NONNULL = YES;
				CLANG_ANALYZER_NUMBER_OBJECT_CONVERSION = YES_AGGRESSIVE;
				CLANG_CXX_LANGUAGE_STANDARD = "gnu++14";
				CLANG_CXX_LIBRARY = "libc++";
				CLANG_ENABLE_MODULES = YES;
				CLANG_ENABLE_OBJC_ARC = YES;
				CLANG_ENABLE_OBJC_WEAK = YES;
				CLANG_WARN_BLOCK_CAPTURE_AUTORELEASING = YES;
				CLANG_WARN_BOOL_CONVERSION = YES;
				CLANG_WARN_COMMA = YES;
				CLANG_WARN_CONSTANT_CONVERSION = YES;
				CLANG_WARN_DEPRECATED_OBJC_IMPLEMENTATIONS = YES;
				CLANG_WARN_DIRECT_OBJC_ISA_USAGE = YES_ERROR;
				CLANG_WARN_DOCUMENTATION_COMMENTS = YES;
				CLANG_WARN_EMPTY_BODY = YES;
				CLANG_WARN_ENUM_CONVERSION = YES;
				CLANG_WARN_INFINITE_RECURSION = YES;
				CLANG_WARN_INT_CONVERSION = YES;
				CLANG_WARN_NON_LITERAL_NULL_CONVERSION = YES;
				CLANG_WARN_OBJC_IMPLICIT_RETAIN_SELF = YES;
				CLANG_WARN_OBJC_LITERAL_CONVERSION = YES;
				CLANG_WARN_OBJC_ROOT_CLASS = YES_ERROR;
				CLANG_WARN_QUOTED_INCLUDE_IN_FRAMEWORK_HEADER = YES;
				CLANG_WARN_RANGE_LOOP_ANALYSIS = YES;
				CLANG_WARN_STRICT_PROTOTYPES = YES;
				CLANG_WARN_SUSPICIOUS_MOVE = YES;
				CLANG_WARN_UNGUARDED_AVAILABILITY = YES_AGGRESSIVE;
				CLANG_WARN_UNREACHABLE_CODE = YES;
				CLANG_WARN__DUPLICATE_METHOD_MATCH = YES;
				COPY_PHASE_STRIP = NO;
				DEBUG_INFORMATION_FORMAT = dwarf;
				ENABLE_STRICT_OBJC_MSGSEND = YES;
				ENABLE_TESTABILITY = YES;
				GCC_C_LANGUAGE_STANDARD = gnu11;
				GCC_DYNAMIC_NO_PIC = NO;
				GCC_NO_COMMON_BLOCKS = YES;
				GCC_OPTIMIZATION_LEVEL = 0;
				GCC_PREPROCESSOR_DEFINITIONS = (
					"DEBUG=1",
					"$(inherited)",
				);
				GCC_WARN_64_TO_32_BIT_CONVERSION = YES;
				GCC_WARN_ABOUT_RETURN_TYPE = YES_ERROR;
				GCC_WARN_UNDECLARED_SELECTOR = YES;
				GCC_WARN_UNINITIALIZED_AUTOS = YES_AGGRESSIVE;
				GCC_WARN_UNUSED_FUNCTION = YES;
				GCC_WARN_UNUSED_VARIABLE = YES;
				IPHONEOS_DEPLOYMENT_TARGET = 14.4;
				MTL_ENABLE_DEBUG_INFO = INCLUDE_SOURCE;
				MTL_FAST_MATH = YES;
				ONLY_ACTIVE_ARCH = YES;
				SDKROOT = iphoneos;
				SWIFT_ACTIVE_COMPILATION_CONDITIONS = DEBUG;
				SWIFT_OPTIMIZATION_LEVEL = "-Onone";
			};
			name = Debug;
		};
		03EDE3E22617715800B95BEA /* Release */ = {
			isa = XCBuildConfiguration;
			buildSettings = {
				ALWAYS_SEARCH_USER_PATHS = NO;
				CLANG_ANALYZER_LOCALIZABILITY_NONLOCALIZED = YES;
				CLANG_ANALYZER_NONNULL = YES;
				CLANG_ANALYZER_NUMBER_OBJECT_CONVERSION = YES_AGGRESSIVE;
				CLANG_CXX_LANGUAGE_STANDARD = "gnu++14";
				CLANG_CXX_LIBRARY = "libc++";
				CLANG_ENABLE_MODULES = YES;
				CLANG_ENABLE_OBJC_ARC = YES;
				CLANG_ENABLE_OBJC_WEAK = YES;
				CLANG_WARN_BLOCK_CAPTURE_AUTORELEASING = YES;
				CLANG_WARN_BOOL_CONVERSION = YES;
				CLANG_WARN_COMMA = YES;
				CLANG_WARN_CONSTANT_CONVERSION = YES;
				CLANG_WARN_DEPRECATED_OBJC_IMPLEMENTATIONS = YES;
				CLANG_WARN_DIRECT_OBJC_ISA_USAGE = YES_ERROR;
				CLANG_WARN_DOCUMENTATION_COMMENTS = YES;
				CLANG_WARN_EMPTY_BODY = YES;
				CLANG_WARN_ENUM_CONVERSION = YES;
				CLANG_WARN_INFINITE_RECURSION = YES;
				CLANG_WARN_INT_CONVERSION = YES;
				CLANG_WARN_NON_LITERAL_NULL_CONVERSION = YES;
				CLANG_WARN_OBJC_IMPLICIT_RETAIN_SELF = YES;
				CLANG_WARN_OBJC_LITERAL_CONVERSION = YES;
				CLANG_WARN_OBJC_ROOT_CLASS = YES_ERROR;
				CLANG_WARN_QUOTED_INCLUDE_IN_FRAMEWORK_HEADER = YES;
				CLANG_WARN_RANGE_LOOP_ANALYSIS = YES;
				CLANG_WARN_STRICT_PROTOTYPES = YES;
				CLANG_WARN_SUSPICIOUS_MOVE = YES;
				CLANG_WARN_UNGUARDED_AVAILABILITY = YES_AGGRESSIVE;
				CLANG_WARN_UNREACHABLE_CODE = YES;
				CLANG_WARN__DUPLICATE_METHOD_MATCH = YES;
				COPY_PHASE_STRIP = NO;
				DEBUG_INFORMATION_FORMAT = "dwarf-with-dsym";
				ENABLE_NS_ASSERTIONS = NO;
				ENABLE_STRICT_OBJC_MSGSEND = YES;
				GCC_C_LANGUAGE_STANDARD = gnu11;
				GCC_NO_COMMON_BLOCKS = YES;
				GCC_WARN_64_TO_32_BIT_CONVERSION = YES;
				GCC_WARN_ABOUT_RETURN_TYPE = YES_ERROR;
				GCC_WARN_UNDECLARED_SELECTOR = YES;
				GCC_WARN_UNINITIALIZED_AUTOS = YES_AGGRESSIVE;
				GCC_WARN_UNUSED_FUNCTION = YES;
				GCC_WARN_UNUSED_VARIABLE = YES;
				IPHONEOS_DEPLOYMENT_TARGET = 14.4;
				MTL_ENABLE_DEBUG_INFO = NO;
				MTL_FAST_MATH = YES;
				SDKROOT = iphoneos;
				SWIFT_COMPILATION_MODE = wholemodule;
				SWIFT_OPTIMIZATION_LEVEL = "-O";
				VALIDATE_PRODUCT = YES;
			};
			name = Release;
		};
		03EDE3E42617715800B95BEA /* Debug */ = {
			isa = XCBuildConfiguration;
			baseConfigurationReference = A85A6F6DB400A434AFCAA5DD /* Pods-Xiaohongshu.debug.xcconfig */;
			buildSettings = {
				ASSETCATALOG_COMPILER_APPICON_NAME = AppIcon;
				ASSETCATALOG_COMPILER_GLOBAL_ACCENT_COLOR_NAME = AccentColor;
				CODE_SIGN_STYLE = Automatic;
				DEVELOPMENT_TEAM = G4LKSBRZ93;
				INFOPLIST_FILE = Xiaohongshu/Info.plist;
				IPHONEOS_DEPLOYMENT_TARGET = 14.1;
				LD_RUNPATH_SEARCH_PATHS = (
					"$(inherited)",
					"@executable_path/Frameworks",
				);
				PRODUCT_BUNDLE_IDENTIFIER = com.away0x.Xiaohongshu;
				PRODUCT_NAME = "$(TARGET_NAME)";
				SWIFT_VERSION = 5.0;
				TARGETED_DEVICE_FAMILY = 1;
			};
			name = Debug;
		};
		03EDE3E52617715800B95BEA /* Release */ = {
			isa = XCBuildConfiguration;
			baseConfigurationReference = 265DE57DC6B1D7A408866FB5 /* Pods-Xiaohongshu.release.xcconfig */;
			buildSettings = {
				ASSETCATALOG_COMPILER_APPICON_NAME = AppIcon;
				ASSETCATALOG_COMPILER_GLOBAL_ACCENT_COLOR_NAME = AccentColor;
				CODE_SIGN_STYLE = Automatic;
				DEVELOPMENT_TEAM = G4LKSBRZ93;
				INFOPLIST_FILE = Xiaohongshu/Info.plist;
				IPHONEOS_DEPLOYMENT_TARGET = 14.1;
				LD_RUNPATH_SEARCH_PATHS = (
					"$(inherited)",
					"@executable_path/Frameworks",
				);
				PRODUCT_BUNDLE_IDENTIFIER = com.away0x.Xiaohongshu;
				PRODUCT_NAME = "$(TARGET_NAME)";
				SWIFT_VERSION = 5.0;
				TARGETED_DEVICE_FAMILY = 1;
			};
			name = Release;
		};
/* End XCBuildConfiguration section */

/* Begin XCConfigurationList section */
		03EDE3C72617715500B95BEA /* Build configuration list for PBXProject "Xiaohongshu" */ = {
			isa = XCConfigurationList;
			buildConfigurations = (
				03EDE3E12617715800B95BEA /* Debug */,
				03EDE3E22617715800B95BEA /* Release */,
			);
			defaultConfigurationIsVisible = 0;
			defaultConfigurationName = Release;
		};
		03EDE3E32617715800B95BEA /* Build configuration list for PBXNativeTarget "Xiaohongshu" */ = {
			isa = XCConfigurationList;
			buildConfigurations = (
				03EDE3E42617715800B95BEA /* Debug */,
				03EDE3E52617715800B95BEA /* Release */,
			);
			defaultConfigurationIsVisible = 0;
			defaultConfigurationName = Release;
		};
/* End XCConfigurationList section */

/* Begin XCVersionGroup section */
		03EDE3D82617715500B95BEA /* Xiaohongshu.xcdatamodeld */ = {
			isa = XCVersionGroup;
			children = (
				03EDE3D92617715500B95BEA /* Xiaohongshu.xcdatamodel */,
			);
			currentVersion = 03EDE3D92617715500B95BEA /* Xiaohongshu.xcdatamodel */;
			path = Xiaohongshu.xcdatamodeld;
			sourceTree = "<group>";
			versionGroupType = wrapper.xcdatamodel;
		};
/* End XCVersionGroup section */
	};
	rootObject = 03EDE3C42617715500B95BEA /* Project object */;
}
